
Microsoft Visual Studio Solution File, Format Version 12.00
# Visual Studio Version 17
VisualStudioVersion = 17.9.34701.34
MinimumVisualStudioVersion = 10.0.40219.1
Project("{FAE04EC0-301F-11D3-BF4B-00C04F79EFBC}") = "lez06_input_utente", "lez06_input_utente\lez06_input_utente.csproj", "{45BA30D2-B0FC-4432-864E-E9F44D3121B9}"
EndProject
Global
	GlobalSection(SolutionConfigurationPlatforms) = preSolution
		Debug|Any CPU = Debug|Any CPU
		Release|Any CPU = Release|Any CPU
	EndGlobalSection
	GlobalSection(ProjectConfigurationPlatforms) = postSolution
		{45BA30D2-B0FC-4432-864E-E9F44D3121B9}.Debug|Any CPU.ActiveCfg = Debug|Any CPU
		{45BA30D2-B0FC-4432-864E-E9F44D3121B9}.Debug|Any CPU.Build.0 = Debug|Any CPU
		{45BA30D2-B0FC-4432-864E-E9F44D3121B9}.Release|Any CPU.ActiveCfg = Release|Any CPU
		{45BA30D2-B0FC-4432-864E-E9F44D3121B9}.Release|Any CPU.Build.0 = Release|Any CPU
	EndGlobalSection
	GlobalSection(SolutionProperties) = preSolution
		HideSolutionNode = FALSE
	EndGlobalSection
	GlobalSection(ExtensibilityGlobals) = postSolution
		SolutionGuid = {DC1DB260-031F-4C4F-8F12-F2E5626B1FA4}
	EndGlobalSection
EndGlobal
