
Microsoft Visual Studio Solution File, Format Version 12.00
# Visual Studio Version 17
VisualStudioVersion = 17.9.34701.34
MinimumVisualStudioVersion = 10.0.40219.1
Project("{FAE04EC0-301F-11D3-BF4B-00C04F79EFBC}") = "lez10_injection_test", "lez10_injection_test\lez10_injection_test.csproj", "{FD3B0BD3-F6C9-44F0-B24D-EE6D45C07C00}"
EndProject
Global
	GlobalSection(SolutionConfigurationPlatforms) = preSolution
		Debug|Any CPU = Debug|Any CPU
		Release|Any CPU = Release|Any CPU
	EndGlobalSection
	GlobalSection(ProjectConfigurationPlatforms) = postSolution
		{FD3B0BD3-F6C9-44F0-B24D-EE6D45C07C00}.Debug|Any CPU.ActiveCfg = Debug|Any CPU
		{FD3B0BD3-F6C9-44F0-B24D-EE6D45C07C00}.Debug|Any CPU.Build.0 = Debug|Any CPU
		{FD3B0BD3-F6C9-44F0-B24D-EE6D45C07C00}.Release|Any CPU.ActiveCfg = Release|Any CPU
		{FD3B0BD3-F6C9-44F0-B24D-EE6D45C07C00}.Release|Any CPU.Build.0 = Release|Any CPU
	EndGlobalSection
	GlobalSection(SolutionProperties) = preSolution
		HideSolutionNode = FALSE
	EndGlobalSection
	GlobalSection(ExtensibilityGlobals) = postSolution
		SolutionGuid = {69B7C7F8-D49B-4B08-94CD-44509E2C6A4D}
	EndGlobalSection
EndGlobal
