
Microsoft Visual Studio Solution File, Format Version 12.00
# Visual Studio Version 17
VisualStudioVersion = 17.9.34701.34
MinimumVisualStudioVersion = 10.0.40219.1
Project("{FAE04EC0-301F-11D3-BF4B-00C04F79EFBC}") = "lez01_recap_classi", "lez01_recap_classi\lez01_recap_classi.csproj", "{853361E8-2271-44A6-87B4-64385DDDC280}"
EndProject
Global
	GlobalSection(SolutionConfigurationPlatforms) = preSolution
		Debug|Any CPU = Debug|Any CPU
		Release|Any CPU = Release|Any CPU
	EndGlobalSection
	GlobalSection(ProjectConfigurationPlatforms) = postSolution
		{853361E8-2271-44A6-87B4-64385DDDC280}.Debug|Any CPU.ActiveCfg = Debug|Any CPU
		{853361E8-2271-44A6-87B4-64385DDDC280}.Debug|Any CPU.Build.0 = Debug|Any CPU
		{853361E8-2271-44A6-87B4-64385DDDC280}.Release|Any CPU.ActiveCfg = Release|Any CPU
		{853361E8-2271-44A6-87B4-64385DDDC280}.Release|Any CPU.Build.0 = Release|Any CPU
	EndGlobalSection
	GlobalSection(SolutionProperties) = preSolution
		HideSolutionNode = FALSE
	EndGlobalSection
	GlobalSection(ExtensibilityGlobals) = postSolution
		SolutionGuid = {718CF865-F8B6-47BF-8419-FDF85B123A56}
	EndGlobalSection
EndGlobal
